
Microsoft Visual Studio Solution File, Format Version 12.00
# Visual Studio Version 16
VisualStudioVersion = 16.0.34729.46
MinimumVisualStudioVersion = 10.0.40219.1
Project("{FAE04EC0-301F-11D3-BF4B-00C04F79EFBC}") = "mvcstok", "mvcstok\mvcstok.csproj", "{0CAE6B4C-66C9-46E7-9E54-EDEFA389460E}"
EndProject
Global
	GlobalSection(SolutionConfigurationPlatforms) = preSolution
		Debug|Any CPU = Debug|Any CPU
		Release|Any CPU = Release|Any CPU
	EndGlobalSection
	GlobalSection(ProjectConfigurationPlatforms) = postSolution
		{0CAE6B4C-66C9-46E7-9E54-EDEFA389460E}.Debug|Any CPU.ActiveCfg = Debug|Any CPU
		{0CAE6B4C-66C9-46E7-9E54-EDEFA389460E}.Debug|Any CPU.Build.0 = Debug|Any CPU
		{0CAE6B4C-66C9-46E7-9E54-EDEFA389460E}.Release|Any CPU.ActiveCfg = Release|Any CPU
		{0CAE6B4C-66C9-46E7-9E54-EDEFA389460E}.Release|Any CPU.Build.0 = Release|Any CPU
	EndGlobalSection
	GlobalSection(SolutionProperties) = preSolution
		HideSolutionNode = FALSE
	EndGlobalSection
	GlobalSection(ExtensibilityGlobals) = postSolution
		SolutionGuid = {6B320B9B-5980-4B43-97D0-DB1F2B2A78FD}
	EndGlobalSection
EndGlobal
